
Microsoft Visual Studio Solution File, Format Version 12.00
# Visual Studio Version 17
VisualStudioVersion = 17.11.35222.181
MinimumVisualStudioVersion = 10.0.40219.1
Project("{FAE04EC0-301F-11D3-BF4B-00C04F79EFBC}") = "Gym_System", "Gym_System\Gym_System.csproj", "{704D066C-C0FA-4881-9293-C2D4C199C5E1}"
EndProject
Global
	GlobalSection(SolutionConfigurationPlatforms) = preSolution
		Debug|Any CPU = Debug|Any CPU
		Release|Any CPU = Release|Any CPU
	EndGlobalSection
	GlobalSection(ProjectConfigurationPlatforms) = postSolution
		{704D066C-C0FA-4881-9293-C2D4C199C5E1}.Debug|Any CPU.ActiveCfg = Debug|Any CPU
		{704D066C-C0FA-4881-9293-C2D4C199C5E1}.Debug|Any CPU.Build.0 = Debug|Any CPU
		{704D066C-C0FA-4881-9293-C2D4C199C5E1}.Release|Any CPU.ActiveCfg = Release|Any CPU
		{704D066C-C0FA-4881-9293-C2D4C199C5E1}.Release|Any CPU.Build.0 = Release|Any CPU
	EndGlobalSection
	GlobalSection(SolutionProperties) = preSolution
		HideSolutionNode = FALSE
	EndGlobalSection
	GlobalSection(ExtensibilityGlobals) = postSolution
		SolutionGuid = {B2E9682C-E7B2-4517-BC5D-3295834FCDE8}
	EndGlobalSection
EndGlobal
